
Microsoft Visual Studio Solution File, Format Version 12.00
# Visual Studio 15
VisualStudioVersion = 15.0.27428.2037
MinimumVisualStudioVersion = 10.0.40219.1
Project("{8BC9CEB8-8B4A-11D0-8D11-00A0C91BC942}") = "OpemGL3DTutorial2", "OpemGL3DTutorial2.vcxproj", "{873EFC18-6E3F-4DF5-8D75-8399DBC5FAEF}"
EndProject
Global
	GlobalSection(SolutionConfigurationPlatforms) = preSolution
		Debug|x64 = Debug|x64
		Debug|x86 = Debug|x86
		Release|x64 = Release|x64
		Release|x86 = Release|x86
	EndGlobalSection
	GlobalSection(ProjectConfigurationPlatforms) = postSolution
		{873EFC18-6E3F-4DF5-8D75-8399DBC5FAEF}.Debug|x64.ActiveCfg = Debug|x64
		{873EFC18-6E3F-4DF5-8D75-8399DBC5FAEF}.Debug|x64.Build.0 = Debug|x64
		{873EFC18-6E3F-4DF5-8D75-8399DBC5FAEF}.Debug|x86.ActiveCfg = Debug|Win32
		{873EFC18-6E3F-4DF5-8D75-8399DBC5FAEF}.Debug|x86.Build.0 = Debug|Win32
		{873EFC18-6E3F-4DF5-8D75-8399DBC5FAEF}.Release|x64.ActiveCfg = Release|x64
		{873EFC18-6E3F-4DF5-8D75-8399DBC5FAEF}.Release|x64.Build.0 = Release|x64
		{873EFC18-6E3F-4DF5-8D75-8399DBC5FAEF}.Release|x86.ActiveCfg = Release|Win32
		{873EFC18-6E3F-4DF5-8D75-8399DBC5FAEF}.Release|x86.Build.0 = Release|Win32
	EndGlobalSection
	GlobalSection(SolutionProperties) = preSolution
		HideSolutionNode = FALSE
	EndGlobalSection
	GlobalSection(ExtensibilityGlobals) = postSolution
		SolutionGuid = {DE263DA7-7A1F-44C7-ACAA-AA7F613B4B15}
	EndGlobalSection
EndGlobal
